
Microsoft Visual Studio Solution File, Format Version 12.00
# Visual Studio Version 17
VisualStudioVersion = 17.0.31903.59
MinimumVisualStudioVersion = 10.0.40219.1
Project("{9A19103F-16F7-4668-BE54-9A1E7A4F7556}") = "LibraryManage", "LibraryManage\LibraryManage.csproj", "{0A03466C-FFEA-4799-9785-2B5286421F62}"
EndProject
Project("{FAE04EC0-301F-11D3-BF4B-00C04F79EFBC}") = "LoggerService", "LoggerService\LoggerService.csproj", "{177E67AF-B06A-4033-BC6D-7719EF74667C}"
EndProject
Global
	GlobalSection(SolutionConfigurationPlatforms) = preSolution
		Debug|Any CPU = Debug|Any CPU
		Release|Any CPU = Release|Any CPU
	EndGlobalSection
	GlobalSection(ProjectConfigurationPlatforms) = postSolution
		{0A03466C-FFEA-4799-9785-2B5286421F62}.Debug|Any CPU.ActiveCfg = Debug|Any CPU
		{0A03466C-FFEA-4799-9785-2B5286421F62}.Debug|Any CPU.Build.0 = Debug|Any CPU
		{0A03466C-FFEA-4799-9785-2B5286421F62}.Release|Any CPU.ActiveCfg = Release|Any CPU
		{0A03466C-FFEA-4799-9785-2B5286421F62}.Release|Any CPU.Build.0 = Release|Any CPU
		{177E67AF-B06A-4033-BC6D-7719EF74667C}.Debug|Any CPU.ActiveCfg = Debug|Any CPU
		{177E67AF-B06A-4033-BC6D-7719EF74667C}.Debug|Any CPU.Build.0 = Debug|Any CPU
		{177E67AF-B06A-4033-BC6D-7719EF74667C}.Release|Any CPU.ActiveCfg = Release|Any CPU
		{177E67AF-B06A-4033-BC6D-7719EF74667C}.Release|Any CPU.Build.0 = Release|Any CPU
	EndGlobalSection
	GlobalSection(SolutionProperties) = preSolution
		HideSolutionNode = FALSE
	EndGlobalSection
	GlobalSection(ExtensibilityGlobals) = postSolution
		SolutionGuid = {269F9B1F-95B9-46B9-9CFD-AE61C273B9A9}
	EndGlobalSection
EndGlobal
